
Microsoft Visual Studio Solution File, Format Version 12.00
# Visual Studio 15
VisualStudioVersion = 15.0.26730.12
MinimumVisualStudioVersion = 10.0.40219.1
Project("{FAE04EC0-301F-11D3-BF4B-00C04F79EFBC}") = "Start", "Start\Start.csproj", "{F43B40DB-237C-4FF7-9087-EA339E7C8904}"
EndProject
Project("{FAE04EC0-301F-11D3-BF4B-00C04F79EFBC}") = "DataReader", "DataReader\DataReader.csproj", "{EE25872A-06A8-486F-AE0D-EC021E602A93}"
EndProject
Global
	GlobalSection(SolutionConfigurationPlatforms) = preSolution
		Debug|Any CPU = Debug|Any CPU
		Release|Any CPU = Release|Any CPU
	EndGlobalSection
	GlobalSection(ProjectConfigurationPlatforms) = postSolution
		{F43B40DB-237C-4FF7-9087-EA339E7C8904}.Debug|Any CPU.ActiveCfg = Debug|Any CPU
		{F43B40DB-237C-4FF7-9087-EA339E7C8904}.Debug|Any CPU.Build.0 = Debug|Any CPU
		{F43B40DB-237C-4FF7-9087-EA339E7C8904}.Release|Any CPU.ActiveCfg = Release|Any CPU
		{F43B40DB-237C-4FF7-9087-EA339E7C8904}.Release|Any CPU.Build.0 = Release|Any CPU
		{EE25872A-06A8-486F-AE0D-EC021E602A93}.Debug|Any CPU.ActiveCfg = Debug|Any CPU
		{EE25872A-06A8-486F-AE0D-EC021E602A93}.Debug|Any CPU.Build.0 = Debug|Any CPU
		{EE25872A-06A8-486F-AE0D-EC021E602A93}.Release|Any CPU.ActiveCfg = Release|Any CPU
		{EE25872A-06A8-486F-AE0D-EC021E602A93}.Release|Any CPU.Build.0 = Release|Any CPU
	EndGlobalSection
	GlobalSection(SolutionProperties) = preSolution
		HideSolutionNode = FALSE
	EndGlobalSection
	GlobalSection(ExtensibilityGlobals) = postSolution
		SolutionGuid = {2D1CDC04-1A6A-45A8-BB02-A4BCB9A0FBAA}
	EndGlobalSection
EndGlobal
